{
  "version": 4,
  "terraform_version": "1.10.3",
  "serial": 124,
  "lineage": "af5b7283-7995-5407-2c8d-d419d9272403",
  "outputs": {
    "cloud_run_url": {
      "value": "https://gradio-app-x42texteyq-uc.a.run.app",
      "type": "string"
    }
  },
  "resources": [
    {
      "mode": "managed",
      "type": "google_artifact_registry_repository",
      "name": "default",
      "provider": "provider[\"registry.terraform.io/hashicorp/google-beta\"]",
      "instances": [
        {
          "schema_version": 0,
          "attributes": {
            "cleanup_policies": [],
            "cleanup_policy_dry_run": false,
            "create_time": "2024-12-24T01:23:28.593898Z",
            "description": "",
            "docker_config": [],
            "effective_labels": {},
            "format": "DOCKER",
            "id": "projects/automl-migration-test/locations/us-central1/repositories/gradio-app-repo",
            "kms_key_name": "",
            "labels": {},
            "location": "us-central1",
            "maven_config": [],
            "mode": "STANDARD_REPOSITORY",
            "name": "gradio-app-repo",
            "project": "automl-migration-test",
            "remote_repository_config": [],
            "repository_id": "gradio-app-repo",
            "terraform_labels": {},
            "timeouts": null,
            "update_time": "2024-12-24T01:49:05.513660Z",
            "virtual_repository_config": []
          },
          "sensitive_attributes": [],
          "private": "eyJlMmJmYjczMC1lY2FhLTExZTYtOGY4OC0zNDM2M2JjN2M0YzAiOnsiY3JlYXRlIjoxMjAwMDAwMDAwMDAwLCJkZWxldGUiOjEyMDAwMDAwMDAwMDAsInVwZGF0ZSI6MTIwMDAwMDAwMDAwMH19"
        }
      ]
    },
    {
      "mode": "managed",
      "type": "google_cloud_run_service",
      "name": "default",
      "provider": "provider[\"registry.terraform.io/hashicorp/google-beta\"]",
      "instances": [
        {
          "schema_version": 2,
          "attributes": {
            "autogenerate_revision_name": false,
            "id": "locations/us-central1/namespaces/automl-migration-test/services/gradio-app",
            "location": "us-central1",
            "metadata": [
              {
                "annotations": {},
                "effective_annotations": {
                  "run.googleapis.com/ingress": "all",
                  "run.googleapis.com/ingress-status": "all",
                  "run.googleapis.com/operation-id": "165a608e-83eb-4360-abe8-e1bcbbc9caf8",
                  "run.googleapis.com/urls": "[\"https://gradio-app-6924728003.us-central1.run.app\",\"https://gradio-app-x42texteyq-uc.a.run.app\"]",
                  "serving.knative.dev/creator": "huguensjean@google.com",
                  "serving.knative.dev/lastModifier": "huguensjean@google.com"
                },
                "effective_labels": {
                  "cloud.googleapis.com/location": "us-central1"
                },
                "generation": 1,
                "labels": {},
                "namespace": "automl-migration-test",
                "resource_version": "AAYp+gyFnks",
                "self_link": "/apis/serving.knative.dev/v1/namespaces/6924728003/services/gradio-app",
                "terraform_labels": {},
                "uid": "ff6539b4-448c-4752-9e26-bbe362215599"
              }
            ],
            "name": "gradio-app",
            "project": "automl-migration-test",
            "status": [
              {
                "conditions": [
                  {
                    "message": "",
                    "reason": "",
                    "status": "True",
                    "type": "Ready"
                  },
                  {
                    "message": "",
                    "reason": "",
                    "status": "True",
                    "type": "ConfigurationsReady"
                  },
                  {
                    "message": "",
                    "reason": "",
                    "status": "True",
                    "type": "RoutesReady"
                  }
                ],
                "latest_created_revision_name": "gradio-app-00001-pcx",
                "latest_ready_revision_name": "gradio-app-00001-pcx",
                "observed_generation": 1,
                "traffic": [
                  {
                    "latest_revision": true,
                    "percent": 100,
                    "revision_name": "gradio-app-00001-pcx",
                    "tag": "",
                    "url": ""
                  }
                ],
                "url": "https://gradio-app-x42texteyq-uc.a.run.app"
              }
            ],
            "template": [
              {
                "metadata": [
                  {
                    "annotations": {
                      "autoscaling.knative.dev/maxScale": "1"
                    },
                    "generation": 0,
                    "labels": {
                      "run.googleapis.com/startupProbeType": "Default"
                    },
                    "name": "",
                    "namespace": "",
                    "resource_version": "",
                    "self_link": "",
                    "uid": ""
                  }
                ],
                "spec": [
                  {
                    "container_concurrency": 80,
                    "containers": [
                      {
                        "args": [],
                        "command": [],
                        "env": [],
                        "env_from": [],
                        "image": "us-central1-docker.pkg.dev/automl-migration-test/gradio-app-repo/gradio-app-image:latest",
                        "liveness_probe": [],
                        "name": "",
                        "ports": [
                          {
                            "container_port": 7860,
                            "name": "http1",
                            "protocol": ""
                          }
                        ],
                        "resources": [
                          {
                            "limits": {
                              "cpu": "1000m",
                              "memory": "512Mi"
                            },
                            "requests": {}
                          }
                        ],
                        "startup_probe": [
                          {
                            "failure_threshold": 1,
                            "grpc": [],
                            "http_get": [],
                            "initial_delay_seconds": 0,
                            "period_seconds": 240,
                            "tcp_socket": [
                              {
                                "port": 7860
                              }
                            ],
                            "timeout_seconds": 240
                          }
                        ],
                        "volume_mounts": [],
                        "working_dir": ""
                      }
                    ],
                    "node_selector": {},
                    "service_account_name": "6924728003-compute@developer.gserviceaccount.com",
                    "serving_state": "",
                    "timeout_seconds": 300,
                    "volumes": []
                  }
                ]
              }
            ],
            "timeouts": null,
            "traffic": [
              {
                "latest_revision": true,
                "percent": 100,
                "revision_name": "",
                "tag": "",
                "url": ""
              }
            ]
          },
          "sensitive_attributes": [],
          "private": "eyJlMmJmYjczMC1lY2FhLTExZTYtOGY4OC0zNDM2M2JjN2M0YzAiOnsiY3JlYXRlIjoxMjAwMDAwMDAwMDAwLCJkZWxldGUiOjEyMDAwMDAwMDAwMDAsInVwZGF0ZSI6MTIwMDAwMDAwMDAwMH0sInNjaGVtYV92ZXJzaW9uIjoiMiJ9"
        }
      ]
    },
    {
      "mode": "managed",
      "type": "google_cloud_run_service_iam_member",
      "name": "allow_all_invoker",
      "provider": "provider[\"registry.terraform.io/hashicorp/google-beta\"]",
      "instances": [
        {
          "schema_version": 0,
          "attributes": {
            "condition": [],
            "etag": "BwYp+g0FYgY=",
            "id": "v1/projects/automl-migration-test/locations/us-central1/services/gradio-app/roles/run.invoker/allUsers",
            "location": "us-central1",
            "member": "allUsers",
            "project": "automl-migration-test",
            "role": "roles/run.invoker",
            "service": "v1/projects/automl-migration-test/locations/us-central1/services/gradio-app"
          },
          "sensitive_attributes": [],
          "private": "bnVsbA==",
          "dependencies": [
            "google_cloud_run_service.default"
          ]
        }
      ]
    },
    {
      "mode": "managed",
      "type": "google_cloudbuild_trigger",
      "name": "default",
      "provider": "provider[\"registry.terraform.io/hashicorp/google-beta\"]",
      "instances": [
        {
          "schema_version": 2,
          "attributes": {
            "approval_config": [
              {
                "approval_required": false
              }
            ],
            "bitbucket_server_trigger_config": [],
            "build": [
              {
                "artifacts": [],
                "available_secrets": [],
                "images": [],
                "logs_bucket": "",
                "options": [
                  {
                    "disk_size_gb": 0,
                    "dynamic_substitutions": false,
                    "env": [],
                    "log_streaming_option": "",
                    "logging": "",
                    "machine_type": "",
                    "requested_verify_option": "",
                    "secret_env": [],
                    "source_provenance_hash": [],
                    "substitution_option": "ALLOW_LOOSE",
                    "volumes": [],
                    "worker_pool": ""
                  }
                ],
                "queue_ttl": "",
                "secret": [],
                "source": [],
                "step": [
                  {
                    "allow_exit_codes": [],
                    "allow_failure": false,
                    "args": [
                      "build",
                      "-t",
                      "us-central1-docker.pkg.dev/automl-migration-test/gradio-app-repo/gradio-app-image:\\$SHORT_SHA",
                      "."
                    ],
                    "dir": "",
                    "entrypoint": "",
                    "env": [],
                    "id": "",
                    "name": "gcr.io/cloud-builders/docker",
                    "script": "",
                    "secret_env": [],
                    "timeout": "",
                    "timing": "",
                    "volumes": [],
                    "wait_for": []
                  },
                  {
                    "allow_exit_codes": [],
                    "allow_failure": false,
                    "args": [
                      "push",
                      "us-central1-docker.pkg.dev/automl-migration-test/gradio-app-repo/gradio-app-image:\\$SHORT_SHA"
                    ],
                    "dir": "",
                    "entrypoint": "",
                    "env": [],
                    "id": "",
                    "name": "gcr.io/cloud-builders/docker",
                    "script": "",
                    "secret_env": [],
                    "timeout": "",
                    "timing": "",
                    "volumes": [],
                    "wait_for": []
                  },
                  {
                    "allow_exit_codes": [],
                    "allow_failure": false,
                    "args": [
                      "run",
                      "deploy",
                      "gradio-app",
                      "--image",
                      "us-central1-docker.pkg.dev/automl-migration-test/gradio-app-repo/gradio-app-image:\\$SHORT_SHA",
                      "--platform=managed",
                      "--allow-unauthenticated",
                      "--port=7860",
                      "--region=us-central1"
                    ],
                    "dir": "",
                    "entrypoint": "",
                    "env": [],
                    "id": "",
                    "name": "gcr.io/cloud-builders/gcloud",
                    "script": "",
                    "secret_env": [],
                    "timeout": "",
                    "timing": "",
                    "volumes": [],
                    "wait_for": []
                  }
                ],
                "substitutions": {},
                "tags": [],
                "timeout": "600s"
              }
            ],
            "create_time": "2024-12-24T01:31:11.451805033Z",
            "description": "",
            "disabled": false,
            "filename": "",
            "filter": "",
            "git_file_source": [],
            "github": [
              {
                "enterprise_config_resource_name": "",
                "name": "gradio-app",
                "owner": "huguensjean",
                "pull_request": [],
                "push": [
                  {
                    "branch": "^main$",
                    "invert_regex": false,
                    "tag": ""
                  }
                ]
              }
            ],
            "id": "projects/automl-migration-test/locations/us-central1/triggers/51800a5c-4780-4ec7-9963-d600f8830528",
            "ignored_files": [],
            "include_build_logs": "",
            "included_files": [],
            "location": "us-central1",
            "name": "gradio-app-trigger",
            "project": "automl-migration-test",
            "pubsub_config": [],
            "repository_event_config": [],
            "service_account": "",
            "source_to_build": [],
            "substitutions": {},
            "tags": [],
            "timeouts": null,
            "trigger_id": "51800a5c-4780-4ec7-9963-d600f8830528",
            "trigger_template": [],
            "webhook_config": []
          },
          "sensitive_attributes": [],
          "private": "eyJlMmJmYjczMC1lY2FhLTExZTYtOGY4OC0zNDM2M2JjN2M0YzAiOnsiY3JlYXRlIjoxMjAwMDAwMDAwMDAwLCJkZWxldGUiOjEyMDAwMDAwMDAwMDAsInVwZGF0ZSI6MTIwMDAwMDAwMDAwMH0sInNjaGVtYV92ZXJzaW9uIjoiMiJ9"
        }
      ]
    },
    {
      "mode": "managed",
      "type": "google_project_iam_member",
      "name": "artifact_registry_reader",
      "provider": "provider[\"registry.terraform.io/hashicorp/google\"]",
      "instances": [
        {
          "schema_version": 0,
          "attributes": {
            "condition": [],
            "etag": "BwYp+fdCaRI=",
            "id": "automl-migration-test/roles/artifactregistry.reader/serviceAccount:6924728003@cloudbuild.gserviceaccount.com",
            "member": "serviceAccount:6924728003@cloudbuild.gserviceaccount.com",
            "project": "automl-migration-test",
            "role": "roles/artifactregistry.reader"
          },
          "sensitive_attributes": [],
          "private": "bnVsbA==",
          "dependencies": [
            "google_project_service_identity.cloudbuild"
          ]
        }
      ]
    },
    {
      "mode": "managed",
      "type": "google_project_iam_member",
      "name": "artifact_registry_writer",
      "provider": "provider[\"registry.terraform.io/hashicorp/google\"]",
      "instances": [
        {
          "schema_version": 0,
          "attributes": {
            "condition": [],
            "etag": "BwYp+fdCaRI=",
            "id": "automl-migration-test/roles/artifactregistry.writer/serviceAccount:6924728003@cloudbuild.gserviceaccount.com",
            "member": "serviceAccount:6924728003@cloudbuild.gserviceaccount.com",
            "project": "automl-migration-test",
            "role": "roles/artifactregistry.writer"
          },
          "sensitive_attributes": [],
          "private": "bnVsbA==",
          "dependencies": [
            "google_project_service_identity.artifact_registry",
            "google_project_service_identity.cloudbuild"
          ]
        }
      ]
    },
    {
      "mode": "managed",
      "type": "google_project_iam_member",
      "name": "cloud_build_registry_pusher",
      "provider": "provider[\"registry.terraform.io/hashicorp/google\"]",
      "instances": [
        {
          "schema_version": 0,
          "attributes": {
            "condition": [],
            "etag": "BwYp+fdCaRI=",
            "id": "automl-migration-test/roles/artifactregistry.writer/serviceAccount:6924728003@cloudbuild.gserviceaccount.com",
            "member": "serviceAccount:6924728003@cloudbuild.gserviceaccount.com",
            "project": "automl-migration-test",
            "role": "roles/artifactregistry.writer"
          },
          "sensitive_attributes": [],
          "private": "bnVsbA==",
          "dependencies": [
            "google_project_service_identity.cloudbuild"
          ]
        }
      ]
    },
    {
      "mode": "managed",
      "type": "google_project_iam_member",
      "name": "cloud_run_deployer",
      "provider": "provider[\"registry.terraform.io/hashicorp/google\"]",
      "instances": [
        {
          "schema_version": 0,
          "attributes": {
            "condition": [],
            "etag": "BwYp+fdCaRI=",
            "id": "automl-migration-test/roles/run.developer/serviceAccount:6924728003@cloudbuild.gserviceaccount.com",
            "member": "serviceAccount:6924728003@cloudbuild.gserviceaccount.com",
            "project": "automl-migration-test",
            "role": "roles/run.developer"
          },
          "sensitive_attributes": [],
          "private": "bnVsbA==",
          "dependencies": [
            "google_project_service_identity.cloudbuild"
          ]
        }
      ]
    },
    {
      "mode": "managed",
      "type": "google_project_iam_member",
      "name": "run_service_agent_role",
      "provider": "provider[\"registry.terraform.io/hashicorp/google\"]",
      "instances": [
        {
          "schema_version": 0,
          "attributes": {
            "condition": [],
            "etag": "BwYp+fdCaRI=",
            "id": "automl-migration-test/roles/iam.serviceAccountUser/serviceAccount:6924728003@cloudbuild.gserviceaccount.com",
            "member": "serviceAccount:6924728003@cloudbuild.gserviceaccount.com",
            "project": "automl-migration-test",
            "role": "roles/iam.serviceAccountUser"
          },
          "sensitive_attributes": [],
          "private": "bnVsbA==",
          "dependencies": [
            "google_project_service_identity.cloudbuild"
          ]
        }
      ]
    },
    {
      "mode": "managed",
      "type": "google_project_service_identity",
      "name": "artifact_registry",
      "provider": "provider[\"registry.terraform.io/hashicorp/google-beta\"]",
      "instances": [
        {
          "schema_version": 0,
          "attributes": {
            "email": "service-6924728003@gcp-sa-artifactregistry.iam.gserviceaccount.com",
            "id": "projects/automl-migration-test/services/artifactregistry.googleapis.com",
            "member": "serviceAccount:service-6924728003@gcp-sa-artifactregistry.iam.gserviceaccount.com",
            "project": "automl-migration-test",
            "service": "artifactregistry.googleapis.com",
            "timeouts": null
          },
          "sensitive_attributes": [],
          "private": "eyJlMmJmYjczMC1lY2FhLTExZTYtOGY4OC0zNDM2M2JjN2M0YzAiOnsiY3JlYXRlIjoxMjAwMDAwMDAwMDAwLCJkZWxldGUiOjEyMDAwMDAwMDAwMDAsInJlYWQiOjYwMDAwMDAwMDAwMH19"
        }
      ]
    },
    {
      "mode": "managed",
      "type": "google_project_service_identity",
      "name": "cloudbuild",
      "provider": "provider[\"registry.terraform.io/hashicorp/google-beta\"]",
      "instances": [
        {
          "schema_version": 0,
          "attributes": {
            "email": "6924728003@cloudbuild.gserviceaccount.com",
            "id": "projects/automl-migration-test/services/cloudbuild.googleapis.com",
            "member": "serviceAccount:6924728003@cloudbuild.gserviceaccount.com",
            "project": "automl-migration-test",
            "service": "cloudbuild.googleapis.com",
            "timeouts": null
          },
          "sensitive_attributes": [],
          "private": "eyJlMmJmYjczMC1lY2FhLTExZTYtOGY4OC0zNDM2M2JjN2M0YzAiOnsiY3JlYXRlIjoxMjAwMDAwMDAwMDAwLCJkZWxldGUiOjEyMDAwMDAwMDAwMDAsInJlYWQiOjYwMDAwMDAwMDAwMH19"
        }
      ]
    }
  ],
  "check_results": null
}
